
Microsoft Visual Studio Solution File, Format Version 12.00
# Visual Studio Version 17
VisualStudioVersion = 17.1.32319.34
MinimumVisualStudioVersion = 10.0.40219.1
Project("{FAE04EC0-301F-11D3-BF4B-00C04F79EFBC}") = "LINQLambda", "LINQLambda\LINQLambda.csproj", "{F35D733D-A8D6-46A2-B70A-F6787AB31FCF}"
EndProject
Global
	GlobalSection(SolutionConfigurationPlatforms) = preSolution
		Debug|Any CPU = Debug|Any CPU
		Release|Any CPU = Release|Any CPU
	EndGlobalSection
	GlobalSection(ProjectConfigurationPlatforms) = postSolution
		{F35D733D-A8D6-46A2-B70A-F6787AB31FCF}.Debug|Any CPU.ActiveCfg = Debug|Any CPU
		{F35D733D-A8D6-46A2-B70A-F6787AB31FCF}.Debug|Any CPU.Build.0 = Debug|Any CPU
		{F35D733D-A8D6-46A2-B70A-F6787AB31FCF}.Release|Any CPU.ActiveCfg = Release|Any CPU
		{F35D733D-A8D6-46A2-B70A-F6787AB31FCF}.Release|Any CPU.Build.0 = Release|Any CPU
	EndGlobalSection
	GlobalSection(SolutionProperties) = preSolution
		HideSolutionNode = FALSE
	EndGlobalSection
	GlobalSection(ExtensibilityGlobals) = postSolution
		SolutionGuid = {CDC1A648-41B8-466F-8555-A785864F3EEB}
	EndGlobalSection
EndGlobal
